// !$*UTF8*$!
{
	archiveVersion = 1;
	classes = {
	};
	objectVersion = 46;
	objects = {

/* Begin PBXBuildFile section */
		0EDD65DE194928AA008084F6 /* Foundation.framework in Frameworks */ = {isa = PBXBuildFile; fileRef = 0EDD65DD194928AA008084F6 /* Foundation.framework */; };
		0EDD65E0194928AA008084F6 /* CoreGraphics.framework in Frameworks */ = {isa = PBXBuildFile; fileRef = 0EDD65DF194928AA008084F6 /* CoreGraphics.framework */; };
		0EDD65E2194928AA008084F6 /* UIKit.framework in Frameworks */ = {isa = PBXBuildFile; fileRef = 0EDD65E1194928AA008084F6 /* UIKit.framework */; };
		0EDD65E8194928AA008084F6 /* InfoPlist.strings in Resources */ = {isa = PBXBuildFile; fileRef = 0EDD65E6194928AA008084F6 /* InfoPlist.strings */; };
		0EDD65EA194928AA008084F6 /* main.m in Sources */ = {isa = PBXBuildFile; fileRef = 0EDD65E9194928AA008084F6 /* main.m */; };
		0EDD65EE194928AA008084F6 /* AppDelegate.m in Sources */ = {isa = PBXBuildFile; fileRef = 0EDD65ED194928AA008084F6 /* AppDelegate.m */; };
		0EDD65F1194928AA008084F6 /* Main.storyboard in Resources */ = {isa = PBXBuildFile; fileRef = 0EDD65EF194928AA008084F6 /* Main.storyboard */; };
		0EDD65F4194928AA008084F6 /* ViewController.m in Sources */ = {isa = PBXBuildFile; fileRef = 0EDD65F3194928AA008084F6 /* ViewController.m */; };
		0EDD65F6194928AA008084F6 /* Images.xcassets in Resources */ = {isa = PBXBuildFile; fileRef = 0EDD65F5194928AA008084F6 /* Images.xcassets */; };
		0EDD65FD194928AA008084F6 /* XCTest.framework in Frameworks */ = {isa = PBXBuildFile; fileRef = 0EDD65FC194928AA008084F6 /* XCTest.framework */; };
		0EDD65FE194928AA008084F6 /* Foundation.framework in Frameworks */ = {isa = PBXBuildFile; fileRef = 0EDD65DD194928AA008084F6 /* Foundation.framework */; };
		0EDD65FF194928AA008084F6 /* UIKit.framework in Frameworks */ = {isa = PBXBuildFile; fileRef = 0EDD65E1194928AA008084F6 /* UIKit.framework */; };
		0EDD6607194928AA008084F6 /* InfoPlist.strings in Resources */ = {isa = PBXBuildFile; fileRef = 0EDD6605194928AA008084F6 /* InfoPlist.strings */; };
		0EDD6609194928AA008084F6 /* tapRecognizerTests.m in Sources */ = {isa = PBXBuildFile; fileRef = 0EDD6608194928AA008084F6 /* tapRecognizerTests.m */; };
		0EDD66141949333F008084F6 /* MakePointView.m in Sources */ = {isa = PBXBuildFile; fileRef = 0EDD66131949333F008084F6 /* MakePointView.m */; };
/* End PBXBuildFile section */

/* Begin PBXContainerItemProxy section */
		0EDD6600194928AA008084F6 /* PBXContainerItemProxy */ = {
			isa = PBXContainerItemProxy;
			containerPortal = 0EDD65D2194928AA008084F6 /* Project object */;
			proxyType = 1;
			remoteGlobalIDString = 0EDD65D9194928AA008084F6;
			remoteInfo = tapRecognizer;
		};
/* End PBXContainerItemProxy section */

/* Begin PBXFileReference section */
		0EDD65DA194928AA008084F6 /* tapRecognizer.app */ = {isa = PBXFileReference; explicitFileType = wrapper.application; includeInIndex = 0; path = tapRecognizer.app; sourceTree = BUILT_PRODUCTS_DIR; };
		0EDD65DD194928AA008084F6 /* Foundation.framework */ = {isa = PBXFileReference; lastKnownFileType = wrapper.framework; name = Foundation.framework; path = System/Library/Frameworks/Foundation.framework; sourceTree = SDKROOT; };
		0EDD65DF194928AA008084F6 /* CoreGraphics.framework */ = {isa = PBXFileReference; lastKnownFileType = wrapper.framework; name = CoreGraphics.framework; path = System/Library/Frameworks/CoreGraphics.framework; sourceTree = SDKROOT; };
		0EDD65E1194928AA008084F6 /* UIKit.framework */ = {isa = PBXFileReference; lastKnownFileType = wrapper.framework; name = UIKit.framework; path = System/Library/Frameworks/UIKit.framework; sourceTree = SDKROOT; };
		0EDD65E5194928AA008084F6 /* tapRecognizer-Info.plist */ = {isa = PBXFileReference; lastKnownFileType = text.plist.xml; path = "tapRecognizer-Info.plist"; sourceTree = "<group>"; };
		0EDD65E7194928AA008084F6 /* en */ = {isa = PBXFileReference; lastKnownFileType = text.plist.strings; name = en; path = en.lproj/InfoPlist.strings; sourceTree = "<group>"; };
		0EDD65E9194928AA008084F6 /* main.m */ = {isa = PBXFileReference; lastKnownFileType = sourcecode.c.objc; path = main.m; sourceTree = "<group>"; };
		0EDD65EB194928AA008084F6 /* tapRecognizer-Prefix.pch */ = {isa = PBXFileReference; lastKnownFileType = sourcecode.c.h; path = "tapRecognizer-Prefix.pch"; sourceTree = "<group>"; };
		0EDD65EC194928AA008084F6 /* AppDelegate.h */ = {isa = PBXFileReference; lastKnownFileType = sourcecode.c.h; path = AppDelegate.h; sourceTree = "<group>"; };
		0EDD65ED194928AA008084F6 /* AppDelegate.m */ = {isa = PBXFileReference; lastKnownFileType = sourcecode.c.objc; path = AppDelegate.m; sourceTree = "<group>"; };
		0EDD65F0194928AA008084F6 /* Base */ = {isa = PBXFileReference; lastKnownFileType = file.storyboard; name = Base; path = Base.lproj/Main.storyboard; sourceTree = "<group>"; };
		0EDD65F2194928AA008084F6 /* ViewController.h */ = {isa = PBXFileReference; lastKnownFileType = sourcecode.c.h; path = ViewController.h; sourceTree = "<group>"; };
		0EDD65F3194928AA008084F6 /* ViewController.m */ = {isa = PBXFileReference; lastKnownFileType = sourcecode.c.objc; path = ViewController.m; sourceTree = "<group>"; };
		0EDD65F5194928AA008084F6 /* Images.xcassets */ = {isa = PBXFileReference; lastKnownFileType = folder.assetcatalog; path = Images.xcassets; sourceTree = "<group>"; };
		0EDD65FB194928AA008084F6 /* tapRecognizerTests.xctest */ = {isa = PBXFileReference; explicitFileType = wrapper.cfbundle; includeInIndex = 0; path = tapRecognizerTests.xctest; sourceTree = BUILT_PRODUCTS_DIR; };
		0EDD65FC194928AA008084F6 /* XCTest.framework */ = {isa = PBXFileReference; lastKnownFileType = wrapper.framework; name = XCTest.framework; path = Library/Frameworks/XCTest.framework; sourceTree = DEVELOPER_DIR; };
		0EDD6604194928AA008084F6 /* tapRecognizerTests-Info.plist */ = {isa = PBXFileReference; lastKnownFileType = text.plist.xml; path = "tapRecognizerTests-Info.plist"; sourceTree = "<group>"; };
		0EDD6606194928AA008084F6 /* en */ = {isa = PBXFileReference; lastKnownFileType = text.plist.strings; name = en; path = en.lproj/InfoPlist.strings; sourceTree = "<group>"; };
		0EDD6608194928AA008084F6 /* tapRecognizerTests.m */ = {isa = PBXFileReference; lastKnownFileType = sourcecode.c.objc; path = tapRecognizerTests.m; sourceTree = "<group>"; };
		0EDD66121949333F008084F6 /* MakePointView.h */ = {isa = PBXFileReference; fileEncoding = 4; lastKnownFileType = sourcecode.c.h; path = MakePointView.h; sourceTree = "<group>"; };
		0EDD66131949333F008084F6 /* MakePointView.m */ = {isa = PBXFileReference; fileEncoding = 4; lastKnownFileType = sourcecode.c.objc; path = MakePointView.m; sourceTree = "<group>"; };
/* End PBXFileReference section */

/* Begin PBXFrameworksBuildPhase section */
		0EDD65D7194928AA008084F6 /* Frameworks */ = {
			isa = PBXFrameworksBuildPhase;
			buildActionMask = 2147483647;
			files = (
				0EDD65E0194928AA008084F6 /* CoreGraphics.framework in Frameworks */,
				0EDD65E2194928AA008084F6 /* UIKit.framework in Frameworks */,
				0EDD65DE194928AA008084F6 /* Foundation.framework in Frameworks */,
			);
			runOnlyForDeploymentPostprocessing = 0;
		};
		0EDD65F8194928AA008084F6 /* Frameworks */ = {
			isa = PBXFrameworksBuildPhase;
			buildActionMask = 2147483647;
			files = (
				0EDD65FD194928AA008084F6 /* XCTest.framework in Frameworks */,
				0EDD65FF194928AA008084F6 /* UIKit.framework in Frameworks */,
				0EDD65FE194928AA008084F6 /* Foundation.framework in Frameworks */,
			);
			runOnlyForDeploymentPostprocessing = 0;
		};
/* End PBXFrameworksBuildPhase section */

/* Begin PBXGroup section */
		0EDD65D1194928AA008084F6 = {
			isa = PBXGroup;
			children = (
				0EDD66121949333F008084F6 /* MakePointView.h */,
				0EDD66131949333F008084F6 /* MakePointView.m */,
				0EDD65E3194928AA008084F6 /* tapRecognizer */,
				0EDD6602194928AA008084F6 /* tapRecognizerTests */,
				0EDD65DC194928AA008084F6 /* Frameworks */,
				0EDD65DB194928AA008084F6 /* Products */,
			);
			sourceTree = "<group>";
		};
		0EDD65DB194928AA008084F6 /* Products */ = {
			isa = PBXGroup;
			children = (
				0EDD65DA194928AA008084F6 /* tapRecognizer.app */,
				0EDD65FB194928AA008084F6 /* tapRecognizerTests.xctest */,
			);
			name = Products;
			sourceTree = "<group>";
		};
		0EDD65DC194928AA008084F6 /* Frameworks */ = {
			isa = PBXGroup;
			children = (
				0EDD65DD194928AA008084F6 /* Foundation.framework */,
				0EDD65DF194928AA008084F6 /* CoreGraphics.framework */,
				0EDD65E1194928AA008084F6 /* UIKit.framework */,
				0EDD65FC194928AA008084F6 /* XCTest.framework */,
			);
			name = Frameworks;
			sourceTree = "<group>";
		};
		0EDD65E3194928AA008084F6 /* tapRecognizer */ = {
			isa = PBXGroup;
			children = (
				0EDD65EC194928AA008084F6 /* AppDelegate.h */,
				0EDD65ED194928AA008084F6 /* AppDelegate.m */,
				0EDD65EF194928AA008084F6 /* Main.storyboard */,
				0EDD65F2194928AA008084F6 /* ViewController.h */,
				0EDD65F3194928AA008084F6 /* ViewController.m */,
				0EDD65F5194928AA008084F6 /* Images.xcassets */,
				0EDD65E4194928AA008084F6 /* Supporting Files */,
			);
			path = tapRecognizer;
			sourceTree = "<group>";
		};
		0EDD65E4194928AA008084F6 /* Supporting Files */ = {
			isa = PBXGroup;
			children = (
				0EDD65E5194928AA008084F6 /* tapRecognizer-Info.plist */,
				0EDD65E6194928AA008084F6 /* InfoPlist.strings */,
				0EDD65E9194928AA008084F6 /* main.m */,
				0EDD65EB194928AA008084F6 /* tapRecognizer-Prefix.pch */,
			);
			name = "Supporting Files";
			sourceTree = "<group>";
		};
		0EDD6602194928AA008084F6 /* tapRecognizerTests */ = {
			isa = PBXGroup;
			children = (
				0EDD6608194928AA008084F6 /* tapRecognizerTests.m */,
				0EDD6603194928AA008084F6 /* Supporting Files */,
			);
			path = tapRecognizerTests;
			sourceTree = "<group>";
		};
		0EDD6603194928AA008084F6 /* Supporting Files */ = {
			isa = PBXGroup;
			children = (
				0EDD6604194928AA008084F6 /* tapRecognizerTests-Info.plist */,
				0EDD6605194928AA008084F6 /* InfoPlist.strings */,
			);
			name = "Supporting Files";
			sourceTree = "<group>";
		};
/* End PBXGroup section */

/* Begin PBXNativeTarget section */
		0EDD65D9194928AA008084F6 /* tapRecognizer */ = {
			isa = PBXNativeTarget;
			buildConfigurationList = 0EDD660C194928AA008084F6 /* Build configuration list for PBXNativeTarget "tapRecognizer" */;
			buildPhases = (
				0EDD65D6194928AA008084F6 /* Sources */,
				0EDD65D7194928AA008084F6 /* Frameworks */,
				0EDD65D8194928AA008084F6 /* Resources */,
			);
			buildRules = (
			);
			dependencies = (
			);
			name = tapRecognizer;
			productName = tapRecognizer;
			productReference = 0EDD65DA194928AA008084F6 /* tapRecognizer.app */;
			productType = "com.apple.product-type.application";
		};
		0EDD65FA194928AA008084F6 /* tapRecognizerTests */ = {
			isa = PBXNativeTarget;
			buildConfigurationList = 0EDD660F194928AA008084F6 /* Build configuration list for PBXNativeTarget "tapRecognizerTests" */;
			buildPhases = (
				0EDD65F7194928AA008084F6 /* Sources */,
				0EDD65F8194928AA008084F6 /* Frameworks */,
				0EDD65F9194928AA008084F6 /* Resources */,
			);
			buildRules = (
			);
			dependencies = (
				0EDD6601194928AA008084F6 /* PBXTargetDependency */,
			);
			name = tapRecognizerTests;
			productName = tapRecognizerTests;
			productReference = 0EDD65FB194928AA008084F6 /* tapRecognizerTests.xctest */;
			productType = "com.apple.product-type.bundle.unit-test";
		};
/* End PBXNativeTarget section */

/* Begin PBXProject section */
		0EDD65D2194928AA008084F6 /* Project object */ = {
			isa = PBXProject;
			attributes = {
				LastUpgradeCheck = 0510;
				ORGANIZATIONNAME = "Angela Smith";
				TargetAttributes = {
					0EDD65FA194928AA008084F6 = {
						TestTargetID = 0EDD65D9194928AA008084F6;
					};
				};
			};
			buildConfigurationList = 0EDD65D5194928AA008084F6 /* Build configuration list for PBXProject "tapRecognizer" */;
			compatibilityVersion = "Xcode 3.2";
			developmentRegion = English;
			hasScannedForEncodings = 0;
			knownRegions = (
				en,
				Base,
			);
			mainGroup = 0EDD65D1194928AA008084F6;
			productRefGroup = 0EDD65DB194928AA008084F6 /* Products */;
			projectDirPath = "";
			projectRoot = "";
			targets = (
				0EDD65D9194928AA008084F6 /* tapRecognizer */,
				0EDD65FA194928AA008084F6 /* tapRecognizerTests */,
			);
		};
/* End PBXProject section */

/* Begin PBXResourcesBuildPhase section */
		0EDD65D8194928AA008084F6 /* Resources */ = {
			isa = PBXResourcesBuildPhase;
			buildActionMask = 2147483647;
			files = (
				0EDD65F6194928AA008084F6 /* Images.xcassets in Resources */,
				0EDD65E8194928AA008084F6 /* InfoPlist.strings in Resources */,
				0EDD65F1194928AA008084F6 /* Main.storyboard in Resources */,
			);
			runOnlyForDeploymentPostprocessing = 0;
		};
		0EDD65F9194928AA008084F6 /* Resources */ = {
			isa = PBXResourcesBuildPhase;
			buildActionMask = 2147483647;
			files = (
				0EDD6607194928AA008084F6 /* InfoPlist.strings in Resources */,
			);
			runOnlyForDeploymentPostprocessing = 0;
		};
/* End PBXResourcesBuildPhase section */

/* Begin PBXSourcesBuildPhase section */
		0EDD65D6194928AA008084F6 /* Sources */ = {
			isa = PBXSourcesBuildPhase;
			buildActionMask = 2147483647;
			files = (
				0EDD65F4194928AA008084F6 /* ViewController.m in Sources */,
				0EDD66141949333F008084F6 /* MakePointView.m in Sources */,
				0EDD65EE194928AA008084F6 /* AppDelegate.m in Sources */,
				0EDD65EA194928AA008084F6 /* main.m in Sources */,
			);
			runOnlyForDeploymentPostprocessing = 0;
		};
		0EDD65F7194928AA008084F6 /* Sources */ = {
			isa = PBXSourcesBuildPhase;
			buildActionMask = 2147483647;
			files = (
				0EDD6609194928AA008084F6 /* tapRecognizerTests.m in Sources */,
			);
			runOnlyForDeploymentPostprocessing = 0;
		};
/* End PBXSourcesBuildPhase section */

/* Begin PBXTargetDependency section */
		0EDD6601194928AA008084F6 /* PBXTargetDependency */ = {
			isa = PBXTargetDependency;
			target = 0EDD65D9194928AA008084F6 /* tapRecognizer */;
			targetProxy = 0EDD6600194928AA008084F6 /* PBXContainerItemProxy */;
		};
/* End PBXTargetDependency section */

/* Begin PBXVariantGroup section */
		0EDD65E6194928AA008084F6 /* InfoPlist.strings */ = {
			isa = PBXVariantGroup;
			children = (
				0EDD65E7194928AA008084F6 /* en */,
			);
			name = InfoPlist.strings;
			sourceTree = "<group>";
		};
		0EDD65EF194928AA008084F6 /* Main.storyboard */ = {
			isa = PBXVariantGroup;
			children = (
				0EDD65F0194928AA008084F6 /* Base */,
			);
			name = Main.storyboard;
			sourceTree = "<group>";
		};
		0EDD6605194928AA008084F6 /* InfoPlist.strings */ = {
			isa = PBXVariantGroup;
			children = (
				0EDD6606194928AA008084F6 /* en */,
			);
			name = InfoPlist.strings;
			sourceTree = "<group>";
		};
/* End PBXVariantGroup section */

/* Begin XCBuildConfiguration section */
		0EDD660A194928AA008084F6 /* Debug */ = {
			isa = XCBuildConfiguration;
			buildSettings = {
				ALWAYS_SEARCH_USER_PATHS = NO;
				CLANG_CXX_LANGUAGE_STANDARD = "gnu++0x";
				CLANG_CXX_LIBRARY = "libc++";
				CLANG_ENABLE_MODULES = YES;
				CLANG_ENABLE_OBJC_ARC = YES;
				CLANG_WARN_BOOL_CONVERSION = YES;
				CLANG_WARN_CONSTANT_CONVERSION = YES;
				CLANG_WARN_DIRECT_OBJC_ISA_USAGE = YES_ERROR;
				CLANG_WARN_EMPTY_BODY = YES;
				CLANG_WARN_ENUM_CONVERSION = YES;
				CLANG_WARN_INT_CONVERSION = YES;
				CLANG_WARN_OBJC_ROOT_CLASS = YES_ERROR;
				CLANG_WARN__DUPLICATE_METHOD_MATCH = YES;
				"CODE_SIGN_IDENTITY[sdk=iphoneos*]" = "iPhone Developer";
				COPY_PHASE_STRIP = NO;
				GCC_C_LANGUAGE_STANDARD = gnu99;
				GCC_DYNAMIC_NO_PIC = NO;
				GCC_OPTIMIZATION_LEVEL = 0;
				GCC_PREPROCESSOR_DEFINITIONS = (
					"DEBUG=1",
					"$(inherited)",
				);
				GCC_SYMBOLS_PRIVATE_EXTERN = NO;
				GCC_WARN_64_TO_32_BIT_CONVERSION = YES;
				GCC_WARN_ABOUT_RETURN_TYPE = YES_ERROR;
				GCC_WARN_UNDECLARED_SELECTOR = YES;
				GCC_WARN_UNINITIALIZED_AUTOS = YES_AGGRESSIVE;
				GCC_WARN_UNUSED_FUNCTION = YES;
				GCC_WARN_UNUSED_VARIABLE = YES;
				IPHONEOS_DEPLOYMENT_TARGET = 7.1;
				ONLY_ACTIVE_ARCH = YES;
				SDKROOT = iphoneos;
			};
			name = Debug;
		};
		0EDD660B194928AA008084F6 /* Release */ = {
			isa = XCBuildConfiguration;
			buildSettings = {
				ALWAYS_SEARCH_USER_PATHS = NO;
				CLANG_CXX_LANGUAGE_STANDARD = "gnu++0x";
				CLANG_CXX_LIBRARY = "libc++";
				CLANG_ENABLE_MODULES = YES;
				CLANG_ENABLE_OBJC_ARC = YES;
				CLANG_WARN_BOOL_CONVERSION = YES;
				CLANG_WARN_CONSTANT_CONVERSION = YES;
				CLANG_WARN_DIRECT_OBJC_ISA_USAGE = YES_ERROR;
				CLANG_WARN_EMPTY_BODY = YES;
				CLANG_WARN_ENUM_CONVERSION = YES;
				CLANG_WARN_INT_CONVERSION = YES;
				CLANG_WARN_OBJC_ROOT_CLASS = YES_ERROR;
				CLANG_WARN__DUPLICATE_METHOD_MATCH = YES;
				"CODE_SIGN_IDENTITY[sdk=iphoneos*]" = "iPhone Developer";
				COPY_PHASE_STRIP = YES;
				ENABLE_NS_ASSERTIONS = NO;
				GCC_C_LANGUAGE_STANDARD = gnu99;
				GCC_WARN_64_TO_32_BIT_CONVERSION = YES;
				GCC_WARN_ABOUT_RETURN_TYPE = YES_ERROR;
				GCC_WARN_UNDECLARED_SELECTOR = YES;
				GCC_WARN_UNINITIALIZED_AUTOS = YES_AGGRESSIVE;
				GCC_WARN_UNUSED_FUNCTION = YES;
				GCC_WARN_UNUSED_VARIABLE = YES;
				IPHONEOS_DEPLOYMENT_TARGET = 7.1;
				SDKROOT = iphoneos;
				VALIDATE_PRODUCT = YES;
			};
			name = Release;
		};
		0EDD660D194928AA008084F6 /* Debug */ = {
			isa = XCBuildConfiguration;
			buildSettings = {
				ASSETCATALOG_COMPILER_APPICON_NAME = AppIcon;
				ASSETCATALOG_COMPILER_LAUNCHIMAGE_NAME = LaunchImage;
				GCC_PRECOMPILE_PREFIX_HEADER = YES;
				GCC_PREFIX_HEADER = "tapRecognizer/tapRecognizer-Prefix.pch";
				INFOPLIST_FILE = "tapRecognizer/tapRecognizer-Info.plist";
				PRODUCT_NAME = "$(TARGET_NAME)";
				WRAPPER_EXTENSION = app;
			};
			name = Debug;
		};
		0EDD660E194928AA008084F6 /* Release */ = {
			isa = XCBuildConfiguration;
			buildSettings = {
				ASSETCATALOG_COMPILER_APPICON_NAME = AppIcon;
				ASSETCATALOG_COMPILER_LAUNCHIMAGE_NAME = LaunchImage;
				GCC_PRECOMPILE_PREFIX_HEADER = YES;
				GCC_PREFIX_HEADER = "tapRecognizer/tapRecognizer-Prefix.pch";
				INFOPLIST_FILE = "tapRecognizer/tapRecognizer-Info.plist";
				PRODUCT_NAME = "$(TARGET_NAME)";
				WRAPPER_EXTENSION = app;
			};
			name = Release;
		};
		0EDD6610194928AA008084F6 /* Debug */ = {
			isa = XCBuildConfiguration;
			buildSettings = {
				BUNDLE_LOADER = "$(BUILT_PRODUCTS_DIR)/tapRecognizer.app/tapRecognizer";
				FRAMEWORK_SEARCH_PATHS = (
					"$(SDKROOT)/Developer/Library/Frameworks",
					"$(inherited)",
					"$(DEVELOPER_FRAMEWORKS_DIR)",
				);
				GCC_PRECOMPILE_PREFIX_HEADER = YES;
				GCC_PREFIX_HEADER = "tapRecognizer/tapRecognizer-Prefix.pch";
				GCC_PREPROCESSOR_DEFINITIONS = (
					"DEBUG=1",
					"$(inherited)",
				);
				INFOPLIST_FILE = "tapRecognizerTests/tapRecognizerTests-Info.plist";
				PRODUCT_NAME = "$(TARGET_NAME)";
				TEST_HOST = "$(BUNDLE_LOADER)";
				WRAPPER_EXTENSION = xctest;
			};
			name = Debug;
		};
		0EDD6611194928AA008084F6 /* Release */ = {
			isa = XCBuildConfiguration;
			buildSettings = {
				BUNDLE_LOADER = "$(BUILT_PRODUCTS_DIR)/tapRecognizer.app/tapRecognizer";
				FRAMEWORK_SEARCH_PATHS = (
					"$(SDKROOT)/Developer/Library/Frameworks",
					"$(inherited)",
					"$(DEVELOPER_FRAMEWORKS_DIR)",
				);
				GCC_PRECOMPILE_PREFIX_HEADER = YES;
				GCC_PREFIX_HEADER = "tapRecognizer/tapRecognizer-Prefix.pch";
				INFOPLIST_FILE = "tapRecognizerTests/tapRecognizerTests-Info.plist";
				PRODUCT_NAME = "$(TARGET_NAME)";
				TEST_HOST = "$(BUNDLE_LOADER)";
				WRAPPER_EXTENSION = xctest;
			};
			name = Release;
		};
/* End XCBuildConfiguration section */

/* Begin XCConfigurationList section */
		0EDD65D5194928AA008084F6 /* Build configuration list for PBXProject "tapRecognizer" */ = {
			isa = XCConfigurationList;
			buildConfigurations = (
				0EDD660A194928AA008084F6 /* Debug */,
				0EDD660B194928AA008084F6 /* Release */,
			);
			defaultConfigurationIsVisible = 0;
			defaultConfigurationName = Release;
		};
		0EDD660C194928AA008084F6 /* Build configuration list for PBXNativeTarget "tapRecognizer" */ = {
			isa = XCConfigurationList;
			buildConfigurations = (
				0EDD660D194928AA008084F6 /* Debug */,
				0EDD660E194928AA008084F6 /* Release */,
			);
			defaultConfigurationIsVisible = 0;
		};
		0EDD660F194928AA008084F6 /* Build configuration list for PBXNativeTarget "tapRecognizerTests" */ = {
			isa = XCConfigurationList;
			buildConfigurations = (
				0EDD6610194928AA008084F6 /* Debug */,
				0EDD6611194928AA008084F6 /* Release */,
			);
			defaultConfigurationIsVisible = 0;
		};
/* End XCConfigurationList section */
	};
	rootObject = 0EDD65D2194928AA008084F6 /* Project object */;
}
