// !$*UTF8*$!
{
	archiveVersion = 1;
	classes = {
	};
	objectVersion = 46;
	objects = {

/* Begin PBXBuildFile section */
		0ED972F518B32D2F002C0682 /* Foundation.framework in Frameworks */ = {isa = PBXBuildFile; fileRef = 0ED972F418B32D2F002C0682 /* Foundation.framework */; };
		0ED972F718B32D2F002C0682 /* CoreGraphics.framework in Frameworks */ = {isa = PBXBuildFile; fileRef = 0ED972F618B32D2F002C0682 /* CoreGraphics.framework */; };
		0ED972F918B32D2F002C0682 /* UIKit.framework in Frameworks */ = {isa = PBXBuildFile; fileRef = 0ED972F818B32D2F002C0682 /* UIKit.framework */; };
		0ED972FF18B32D2F002C0682 /* InfoPlist.strings in Resources */ = {isa = PBXBuildFile; fileRef = 0ED972FD18B32D2F002C0682 /* InfoPlist.strings */; };
		0ED9730118B32D2F002C0682 /* main.m in Sources */ = {isa = PBXBuildFile; fileRef = 0ED9730018B32D2F002C0682 /* main.m */; };
		0ED9730518B32D2F002C0682 /* AppDelegate.m in Sources */ = {isa = PBXBuildFile; fileRef = 0ED9730418B32D2F002C0682 /* AppDelegate.m */; };
		0ED9730818B32D2F002C0682 /* Main.storyboard in Resources */ = {isa = PBXBuildFile; fileRef = 0ED9730618B32D2F002C0682 /* Main.storyboard */; };
		0ED9730B18B32D2F002C0682 /* ViewController.m in Sources */ = {isa = PBXBuildFile; fileRef = 0ED9730A18B32D2F002C0682 /* ViewController.m */; };
		0ED9730D18B32D2F002C0682 /* Images.xcassets in Resources */ = {isa = PBXBuildFile; fileRef = 0ED9730C18B32D2F002C0682 /* Images.xcassets */; };
		0ED9731418B32D2F002C0682 /* XCTest.framework in Frameworks */ = {isa = PBXBuildFile; fileRef = 0ED9731318B32D2F002C0682 /* XCTest.framework */; };
		0ED9731518B32D2F002C0682 /* Foundation.framework in Frameworks */ = {isa = PBXBuildFile; fileRef = 0ED972F418B32D2F002C0682 /* Foundation.framework */; };
		0ED9731618B32D2F002C0682 /* UIKit.framework in Frameworks */ = {isa = PBXBuildFile; fileRef = 0ED972F818B32D2F002C0682 /* UIKit.framework */; };
		0ED9731E18B32D2F002C0682 /* InfoPlist.strings in Resources */ = {isa = PBXBuildFile; fileRef = 0ED9731C18B32D2F002C0682 /* InfoPlist.strings */; };
		0ED9732018B32D2F002C0682 /* Project3Tests.m in Sources */ = {isa = PBXBuildFile; fileRef = 0ED9731F18B32D2F002C0682 /* Project3Tests.m */; };
		0ED9732B18B32DBB002C0682 /* AddEventViewController.m in Sources */ = {isa = PBXBuildFile; fileRef = 0ED9732A18B32DBB002C0682 /* AddEventViewController.m */; };
/* End PBXBuildFile section */

/* Begin PBXContainerItemProxy section */
		0ED9731718B32D2F002C0682 /* PBXContainerItemProxy */ = {
			isa = PBXContainerItemProxy;
			containerPortal = 0ED972E918B32D2E002C0682 /* Project object */;
			proxyType = 1;
			remoteGlobalIDString = 0ED972F018B32D2E002C0682;
			remoteInfo = Project3;
		};
/* End PBXContainerItemProxy section */

/* Begin PBXFileReference section */
		0ED972F118B32D2F002C0682 /* Project3.app */ = {isa = PBXFileReference; explicitFileType = wrapper.application; includeInIndex = 0; path = Project3.app; sourceTree = BUILT_PRODUCTS_DIR; };
		0ED972F418B32D2F002C0682 /* Foundation.framework */ = {isa = PBXFileReference; lastKnownFileType = wrapper.framework; name = Foundation.framework; path = System/Library/Frameworks/Foundation.framework; sourceTree = SDKROOT; };
		0ED972F618B32D2F002C0682 /* CoreGraphics.framework */ = {isa = PBXFileReference; lastKnownFileType = wrapper.framework; name = CoreGraphics.framework; path = System/Library/Frameworks/CoreGraphics.framework; sourceTree = SDKROOT; };
		0ED972F818B32D2F002C0682 /* UIKit.framework */ = {isa = PBXFileReference; lastKnownFileType = wrapper.framework; name = UIKit.framework; path = System/Library/Frameworks/UIKit.framework; sourceTree = SDKROOT; };
		0ED972FC18B32D2F002C0682 /* Project3-Info.plist */ = {isa = PBXFileReference; lastKnownFileType = text.plist.xml; path = "Project3-Info.plist"; sourceTree = "<group>"; };
		0ED972FE18B32D2F002C0682 /* en */ = {isa = PBXFileReference; lastKnownFileType = text.plist.strings; name = en; path = en.lproj/InfoPlist.strings; sourceTree = "<group>"; };
		0ED9730018B32D2F002C0682 /* main.m */ = {isa = PBXFileReference; lastKnownFileType = sourcecode.c.objc; path = main.m; sourceTree = "<group>"; };
		0ED9730218B32D2F002C0682 /* Project3-Prefix.pch */ = {isa = PBXFileReference; lastKnownFileType = sourcecode.c.h; path = "Project3-Prefix.pch"; sourceTree = "<group>"; };
		0ED9730318B32D2F002C0682 /* AppDelegate.h */ = {isa = PBXFileReference; lastKnownFileType = sourcecode.c.h; path = AppDelegate.h; sourceTree = "<group>"; };
		0ED9730418B32D2F002C0682 /* AppDelegate.m */ = {isa = PBXFileReference; lastKnownFileType = sourcecode.c.objc; path = AppDelegate.m; sourceTree = "<group>"; };
		0ED9730718B32D2F002C0682 /* Base */ = {isa = PBXFileReference; lastKnownFileType = file.storyboard; name = Base; path = Base.lproj/Main.storyboard; sourceTree = "<group>"; };
		0ED9730918B32D2F002C0682 /* ViewController.h */ = {isa = PBXFileReference; lastKnownFileType = sourcecode.c.h; path = ViewController.h; sourceTree = "<group>"; };
		0ED9730A18B32D2F002C0682 /* ViewController.m */ = {isa = PBXFileReference; lastKnownFileType = sourcecode.c.objc; path = ViewController.m; sourceTree = "<group>"; };
		0ED9730C18B32D2F002C0682 /* Images.xcassets */ = {isa = PBXFileReference; lastKnownFileType = folder.assetcatalog; path = Images.xcassets; sourceTree = "<group>"; };
		0ED9731218B32D2F002C0682 /* Project3Tests.xctest */ = {isa = PBXFileReference; explicitFileType = wrapper.cfbundle; includeInIndex = 0; path = Project3Tests.xctest; sourceTree = BUILT_PRODUCTS_DIR; };
		0ED9731318B32D2F002C0682 /* XCTest.framework */ = {isa = PBXFileReference; lastKnownFileType = wrapper.framework; name = XCTest.framework; path = Library/Frameworks/XCTest.framework; sourceTree = DEVELOPER_DIR; };
		0ED9731B18B32D2F002C0682 /* Project3Tests-Info.plist */ = {isa = PBXFileReference; lastKnownFileType = text.plist.xml; path = "Project3Tests-Info.plist"; sourceTree = "<group>"; };
		0ED9731D18B32D2F002C0682 /* en */ = {isa = PBXFileReference; lastKnownFileType = text.plist.strings; name = en; path = en.lproj/InfoPlist.strings; sourceTree = "<group>"; };
		0ED9731F18B32D2F002C0682 /* Project3Tests.m */ = {isa = PBXFileReference; lastKnownFileType = sourcecode.c.objc; path = Project3Tests.m; sourceTree = "<group>"; };
		0ED9732918B32DBB002C0682 /* AddEventViewController.h */ = {isa = PBXFileReference; fileEncoding = 4; lastKnownFileType = sourcecode.c.h; path = AddEventViewController.h; sourceTree = "<group>"; };
		0ED9732A18B32DBB002C0682 /* AddEventViewController.m */ = {isa = PBXFileReference; fileEncoding = 4; lastKnownFileType = sourcecode.c.objc; path = AddEventViewController.m; sourceTree = "<group>"; };
/* End PBXFileReference section */

/* Begin PBXFrameworksBuildPhase section */
		0ED972EE18B32D2E002C0682 /* Frameworks */ = {
			isa = PBXFrameworksBuildPhase;
			buildActionMask = 2147483647;
			files = (
				0ED972F718B32D2F002C0682 /* CoreGraphics.framework in Frameworks */,
				0ED972F918B32D2F002C0682 /* UIKit.framework in Frameworks */,
				0ED972F518B32D2F002C0682 /* Foundation.framework in Frameworks */,
			);
			runOnlyForDeploymentPostprocessing = 0;
		};
		0ED9730F18B32D2F002C0682 /* Frameworks */ = {
			isa = PBXFrameworksBuildPhase;
			buildActionMask = 2147483647;
			files = (
				0ED9731418B32D2F002C0682 /* XCTest.framework in Frameworks */,
				0ED9731618B32D2F002C0682 /* UIKit.framework in Frameworks */,
				0ED9731518B32D2F002C0682 /* Foundation.framework in Frameworks */,
			);
			runOnlyForDeploymentPostprocessing = 0;
		};
/* End PBXFrameworksBuildPhase section */

/* Begin PBXGroup section */
		0ED972E818B32D2E002C0682 = {
			isa = PBXGroup;
			children = (
				0ED972FA18B32D2F002C0682 /* Project3 */,
				0ED9731918B32D2F002C0682 /* Project3Tests */,
				0ED972F318B32D2F002C0682 /* Frameworks */,
				0ED972F218B32D2F002C0682 /* Products */,
			);
			sourceTree = "<group>";
		};
		0ED972F218B32D2F002C0682 /* Products */ = {
			isa = PBXGroup;
			children = (
				0ED972F118B32D2F002C0682 /* Project3.app */,
				0ED9731218B32D2F002C0682 /* Project3Tests.xctest */,
			);
			name = Products;
			sourceTree = "<group>";
		};
		0ED972F318B32D2F002C0682 /* Frameworks */ = {
			isa = PBXGroup;
			children = (
				0ED972F418B32D2F002C0682 /* Foundation.framework */,
				0ED972F618B32D2F002C0682 /* CoreGraphics.framework */,
				0ED972F818B32D2F002C0682 /* UIKit.framework */,
				0ED9731318B32D2F002C0682 /* XCTest.framework */,
			);
			name = Frameworks;
			sourceTree = "<group>";
		};
		0ED972FA18B32D2F002C0682 /* Project3 */ = {
			isa = PBXGroup;
			children = (
				0ED9730318B32D2F002C0682 /* AppDelegate.h */,
				0ED9730418B32D2F002C0682 /* AppDelegate.m */,
				0ED9730618B32D2F002C0682 /* Main.storyboard */,
				0ED9730918B32D2F002C0682 /* ViewController.h */,
				0ED9730A18B32D2F002C0682 /* ViewController.m */,
				0ED9732918B32DBB002C0682 /* AddEventViewController.h */,
				0ED9732A18B32DBB002C0682 /* AddEventViewController.m */,
				0ED9730C18B32D2F002C0682 /* Images.xcassets */,
				0ED972FB18B32D2F002C0682 /* Supporting Files */,
			);
			path = Project3;
			sourceTree = "<group>";
		};
		0ED972FB18B32D2F002C0682 /* Supporting Files */ = {
			isa = PBXGroup;
			children = (
				0ED972FC18B32D2F002C0682 /* Project3-Info.plist */,
				0ED972FD18B32D2F002C0682 /* InfoPlist.strings */,
				0ED9730018B32D2F002C0682 /* main.m */,
				0ED9730218B32D2F002C0682 /* Project3-Prefix.pch */,
			);
			name = "Supporting Files";
			sourceTree = "<group>";
		};
		0ED9731918B32D2F002C0682 /* Project3Tests */ = {
			isa = PBXGroup;
			children = (
				0ED9731F18B32D2F002C0682 /* Project3Tests.m */,
				0ED9731A18B32D2F002C0682 /* Supporting Files */,
			);
			path = Project3Tests;
			sourceTree = "<group>";
		};
		0ED9731A18B32D2F002C0682 /* Supporting Files */ = {
			isa = PBXGroup;
			children = (
				0ED9731B18B32D2F002C0682 /* Project3Tests-Info.plist */,
				0ED9731C18B32D2F002C0682 /* InfoPlist.strings */,
			);
			name = "Supporting Files";
			sourceTree = "<group>";
		};
/* End PBXGroup section */

/* Begin PBXNativeTarget section */
		0ED972F018B32D2E002C0682 /* Project3 */ = {
			isa = PBXNativeTarget;
			buildConfigurationList = 0ED9732318B32D2F002C0682 /* Build configuration list for PBXNativeTarget "Project3" */;
			buildPhases = (
				0ED972ED18B32D2E002C0682 /* Sources */,
				0ED972EE18B32D2E002C0682 /* Frameworks */,
				0ED972EF18B32D2E002C0682 /* Resources */,
			);
			buildRules = (
			);
			dependencies = (
			);
			name = Project3;
			productName = Project3;
			productReference = 0ED972F118B32D2F002C0682 /* Project3.app */;
			productType = "com.apple.product-type.application";
		};
		0ED9731118B32D2F002C0682 /* Project3Tests */ = {
			isa = PBXNativeTarget;
			buildConfigurationList = 0ED9732618B32D2F002C0682 /* Build configuration list for PBXNativeTarget "Project3Tests" */;
			buildPhases = (
				0ED9730E18B32D2F002C0682 /* Sources */,
				0ED9730F18B32D2F002C0682 /* Frameworks */,
				0ED9731018B32D2F002C0682 /* Resources */,
			);
			buildRules = (
			);
			dependencies = (
				0ED9731818B32D2F002C0682 /* PBXTargetDependency */,
			);
			name = Project3Tests;
			productName = Project3Tests;
			productReference = 0ED9731218B32D2F002C0682 /* Project3Tests.xctest */;
			productType = "com.apple.product-type.bundle.unit-test";
		};
/* End PBXNativeTarget section */

/* Begin PBXProject section */
		0ED972E918B32D2E002C0682 /* Project object */ = {
			isa = PBXProject;
			attributes = {
				LastUpgradeCheck = 0500;
				ORGANIZATIONNAME = "Angela Smith";
				TargetAttributes = {
					0ED9731118B32D2F002C0682 = {
						TestTargetID = 0ED972F018B32D2E002C0682;
					};
				};
			};
			buildConfigurationList = 0ED972EC18B32D2E002C0682 /* Build configuration list for PBXProject "Project3" */;
			compatibilityVersion = "Xcode 3.2";
			developmentRegion = English;
			hasScannedForEncodings = 0;
			knownRegions = (
				en,
				Base,
			);
			mainGroup = 0ED972E818B32D2E002C0682;
			productRefGroup = 0ED972F218B32D2F002C0682 /* Products */;
			projectDirPath = "";
			projectRoot = "";
			targets = (
				0ED972F018B32D2E002C0682 /* Project3 */,
				0ED9731118B32D2F002C0682 /* Project3Tests */,
			);
		};
/* End PBXProject section */

/* Begin PBXResourcesBuildPhase section */
		0ED972EF18B32D2E002C0682 /* Resources */ = {
			isa = PBXResourcesBuildPhase;
			buildActionMask = 2147483647;
			files = (
				0ED9730D18B32D2F002C0682 /* Images.xcassets in Resources */,
				0ED972FF18B32D2F002C0682 /* InfoPlist.strings in Resources */,
				0ED9730818B32D2F002C0682 /* Main.storyboard in Resources */,
			);
			runOnlyForDeploymentPostprocessing = 0;
		};
		0ED9731018B32D2F002C0682 /* Resources */ = {
			isa = PBXResourcesBuildPhase;
			buildActionMask = 2147483647;
			files = (
				0ED9731E18B32D2F002C0682 /* InfoPlist.strings in Resources */,
			);
			runOnlyForDeploymentPostprocessing = 0;
		};
/* End PBXResourcesBuildPhase section */

/* Begin PBXSourcesBuildPhase section */
		0ED972ED18B32D2E002C0682 /* Sources */ = {
			isa = PBXSourcesBuildPhase;
			buildActionMask = 2147483647;
			files = (
				0ED9730B18B32D2F002C0682 /* ViewController.m in Sources */,
				0ED9732B18B32DBB002C0682 /* AddEventViewController.m in Sources */,
				0ED9730518B32D2F002C0682 /* AppDelegate.m in Sources */,
				0ED9730118B32D2F002C0682 /* main.m in Sources */,
			);
			runOnlyForDeploymentPostprocessing = 0;
		};
		0ED9730E18B32D2F002C0682 /* Sources */ = {
			isa = PBXSourcesBuildPhase;
			buildActionMask = 2147483647;
			files = (
				0ED9732018B32D2F002C0682 /* Project3Tests.m in Sources */,
			);
			runOnlyForDeploymentPostprocessing = 0;
		};
/* End PBXSourcesBuildPhase section */

/* Begin PBXTargetDependency section */
		0ED9731818B32D2F002C0682 /* PBXTargetDependency */ = {
			isa = PBXTargetDependency;
			target = 0ED972F018B32D2E002C0682 /* Project3 */;
			targetProxy = 0ED9731718B32D2F002C0682 /* PBXContainerItemProxy */;
		};
/* End PBXTargetDependency section */

/* Begin PBXVariantGroup section */
		0ED972FD18B32D2F002C0682 /* InfoPlist.strings */ = {
			isa = PBXVariantGroup;
			children = (
				0ED972FE18B32D2F002C0682 /* en */,
			);
			name = InfoPlist.strings;
			sourceTree = "<group>";
		};
		0ED9730618B32D2F002C0682 /* Main.storyboard */ = {
			isa = PBXVariantGroup;
			children = (
				0ED9730718B32D2F002C0682 /* Base */,
			);
			name = Main.storyboard;
			sourceTree = "<group>";
		};
		0ED9731C18B32D2F002C0682 /* InfoPlist.strings */ = {
			isa = PBXVariantGroup;
			children = (
				0ED9731D18B32D2F002C0682 /* en */,
			);
			name = InfoPlist.strings;
			sourceTree = "<group>";
		};
/* End PBXVariantGroup section */

/* Begin XCBuildConfiguration section */
		0ED9732118B32D2F002C0682 /* Debug */ = {
			isa = XCBuildConfiguration;
			buildSettings = {
				ALWAYS_SEARCH_USER_PATHS = NO;
				ARCHS = "$(ARCHS_STANDARD_INCLUDING_64_BIT)";
				CLANG_CXX_LANGUAGE_STANDARD = "gnu++0x";
				CLANG_CXX_LIBRARY = "libc++";
				CLANG_ENABLE_MODULES = YES;
				CLANG_ENABLE_OBJC_ARC = YES;
				CLANG_WARN_BOOL_CONVERSION = YES;
				CLANG_WARN_CONSTANT_CONVERSION = YES;
				CLANG_WARN_DIRECT_OBJC_ISA_USAGE = YES_ERROR;
				CLANG_WARN_EMPTY_BODY = YES;
				CLANG_WARN_ENUM_CONVERSION = YES;
				CLANG_WARN_INT_CONVERSION = YES;
				CLANG_WARN_OBJC_ROOT_CLASS = YES_ERROR;
				CLANG_WARN__DUPLICATE_METHOD_MATCH = YES;
				"CODE_SIGN_IDENTITY[sdk=iphoneos*]" = "iPhone Developer";
				COPY_PHASE_STRIP = NO;
				GCC_C_LANGUAGE_STANDARD = gnu99;
				GCC_DYNAMIC_NO_PIC = NO;
				GCC_OPTIMIZATION_LEVEL = 0;
				GCC_PREPROCESSOR_DEFINITIONS = (
					"DEBUG=1",
					"$(inherited)",
				);
				GCC_SYMBOLS_PRIVATE_EXTERN = NO;
				GCC_WARN_64_TO_32_BIT_CONVERSION = YES;
				GCC_WARN_ABOUT_RETURN_TYPE = YES_ERROR;
				GCC_WARN_UNDECLARED_SELECTOR = YES;
				GCC_WARN_UNINITIALIZED_AUTOS = YES;
				GCC_WARN_UNUSED_FUNCTION = YES;
				GCC_WARN_UNUSED_VARIABLE = YES;
				IPHONEOS_DEPLOYMENT_TARGET = 7.0;
				ONLY_ACTIVE_ARCH = YES;
				SDKROOT = iphoneos;
			};
			name = Debug;
		};
		0ED9732218B32D2F002C0682 /* Release */ = {
			isa = XCBuildConfiguration;
			buildSettings = {
				ALWAYS_SEARCH_USER_PATHS = NO;
				ARCHS = "$(ARCHS_STANDARD_INCLUDING_64_BIT)";
				CLANG_CXX_LANGUAGE_STANDARD = "gnu++0x";
				CLANG_CXX_LIBRARY = "libc++";
				CLANG_ENABLE_MODULES = YES;
				CLANG_ENABLE_OBJC_ARC = YES;
				CLANG_WARN_BOOL_CONVERSION = YES;
				CLANG_WARN_CONSTANT_CONVERSION = YES;
				CLANG_WARN_DIRECT_OBJC_ISA_USAGE = YES_ERROR;
				CLANG_WARN_EMPTY_BODY = YES;
				CLANG_WARN_ENUM_CONVERSION = YES;
				CLANG_WARN_INT_CONVERSION = YES;
				CLANG_WARN_OBJC_ROOT_CLASS = YES_ERROR;
				CLANG_WARN__DUPLICATE_METHOD_MATCH = YES;
				"CODE_SIGN_IDENTITY[sdk=iphoneos*]" = "iPhone Developer";
				COPY_PHASE_STRIP = YES;
				ENABLE_NS_ASSERTIONS = NO;
				GCC_C_LANGUAGE_STANDARD = gnu99;
				GCC_WARN_64_TO_32_BIT_CONVERSION = YES;
				GCC_WARN_ABOUT_RETURN_TYPE = YES_ERROR;
				GCC_WARN_UNDECLARED_SELECTOR = YES;
				GCC_WARN_UNINITIALIZED_AUTOS = YES;
				GCC_WARN_UNUSED_FUNCTION = YES;
				GCC_WARN_UNUSED_VARIABLE = YES;
				IPHONEOS_DEPLOYMENT_TARGET = 7.0;
				SDKROOT = iphoneos;
				VALIDATE_PRODUCT = YES;
			};
			name = Release;
		};
		0ED9732418B32D2F002C0682 /* Debug */ = {
			isa = XCBuildConfiguration;
			buildSettings = {
				ASSETCATALOG_COMPILER_APPICON_NAME = AppIcon;
				ASSETCATALOG_COMPILER_LAUNCHIMAGE_NAME = LaunchImage;
				GCC_PRECOMPILE_PREFIX_HEADER = YES;
				GCC_PREFIX_HEADER = "Project3/Project3-Prefix.pch";
				INFOPLIST_FILE = "Project3/Project3-Info.plist";
				IPHONEOS_DEPLOYMENT_TARGET = 7.0;
				PRODUCT_NAME = "$(TARGET_NAME)";
				TARGETED_DEVICE_FAMILY = 1;
				WRAPPER_EXTENSION = app;
			};
			name = Debug;
		};
		0ED9732518B32D2F002C0682 /* Release */ = {
			isa = XCBuildConfiguration;
			buildSettings = {
				ASSETCATALOG_COMPILER_APPICON_NAME = AppIcon;
				ASSETCATALOG_COMPILER_LAUNCHIMAGE_NAME = LaunchImage;
				GCC_PRECOMPILE_PREFIX_HEADER = YES;
				GCC_PREFIX_HEADER = "Project3/Project3-Prefix.pch";
				INFOPLIST_FILE = "Project3/Project3-Info.plist";
				IPHONEOS_DEPLOYMENT_TARGET = 7.0;
				PRODUCT_NAME = "$(TARGET_NAME)";
				TARGETED_DEVICE_FAMILY = 1;
				WRAPPER_EXTENSION = app;
			};
			name = Release;
		};
		0ED9732718B32D2F002C0682 /* Debug */ = {
			isa = XCBuildConfiguration;
			buildSettings = {
				ARCHS = "$(ARCHS_STANDARD_INCLUDING_64_BIT)";
				BUNDLE_LOADER = "$(BUILT_PRODUCTS_DIR)/Project3.app/Project3";
				FRAMEWORK_SEARCH_PATHS = (
					"$(SDKROOT)/Developer/Library/Frameworks",
					"$(inherited)",
					"$(DEVELOPER_FRAMEWORKS_DIR)",
				);
				GCC_PRECOMPILE_PREFIX_HEADER = YES;
				GCC_PREFIX_HEADER = "Project3/Project3-Prefix.pch";
				GCC_PREPROCESSOR_DEFINITIONS = (
					"DEBUG=1",
					"$(inherited)",
				);
				INFOPLIST_FILE = "Project3Tests/Project3Tests-Info.plist";
				PRODUCT_NAME = "$(TARGET_NAME)";
				TEST_HOST = "$(BUNDLE_LOADER)";
				WRAPPER_EXTENSION = xctest;
			};
			name = Debug;
		};
		0ED9732818B32D2F002C0682 /* Release */ = {
			isa = XCBuildConfiguration;
			buildSettings = {
				ARCHS = "$(ARCHS_STANDARD_INCLUDING_64_BIT)";
				BUNDLE_LOADER = "$(BUILT_PRODUCTS_DIR)/Project3.app/Project3";
				FRAMEWORK_SEARCH_PATHS = (
					"$(SDKROOT)/Developer/Library/Frameworks",
					"$(inherited)",
					"$(DEVELOPER_FRAMEWORKS_DIR)",
				);
				GCC_PRECOMPILE_PREFIX_HEADER = YES;
				GCC_PREFIX_HEADER = "Project3/Project3-Prefix.pch";
				INFOPLIST_FILE = "Project3Tests/Project3Tests-Info.plist";
				PRODUCT_NAME = "$(TARGET_NAME)";
				TEST_HOST = "$(BUNDLE_LOADER)";
				WRAPPER_EXTENSION = xctest;
			};
			name = Release;
		};
/* End XCBuildConfiguration section */

/* Begin XCConfigurationList section */
		0ED972EC18B32D2E002C0682 /* Build configuration list for PBXProject "Project3" */ = {
			isa = XCConfigurationList;
			buildConfigurations = (
				0ED9732118B32D2F002C0682 /* Debug */,
				0ED9732218B32D2F002C0682 /* Release */,
			);
			defaultConfigurationIsVisible = 0;
			defaultConfigurationName = Release;
		};
		0ED9732318B32D2F002C0682 /* Build configuration list for PBXNativeTarget "Project3" */ = {
			isa = XCConfigurationList;
			buildConfigurations = (
				0ED9732418B32D2F002C0682 /* Debug */,
				0ED9732518B32D2F002C0682 /* Release */,
			);
			defaultConfigurationIsVisible = 0;
			defaultConfigurationName = Release;
		};
		0ED9732618B32D2F002C0682 /* Build configuration list for PBXNativeTarget "Project3Tests" */ = {
			isa = XCConfigurationList;
			buildConfigurations = (
				0ED9732718B32D2F002C0682 /* Debug */,
				0ED9732818B32D2F002C0682 /* Release */,
			);
			defaultConfigurationIsVisible = 0;
			defaultConfigurationName = Release;
		};
/* End XCConfigurationList section */
	};
	rootObject = 0ED972E918B32D2E002C0682 /* Project object */;
}
